
Microsoft Visual Studio Solution File, Format Version 12.00
# Visual Studio Version 17
VisualStudioVersion = 17.0.31912.275
MinimumVisualStudioVersion = 10.0.40219.1
Project("{9A19103F-16F7-4668-BE54-9A1E7A4F7556}") = "WpfBasic", "WpfBasic\WpfBasic.csproj", "{A8DC5AEB-47F2-46AB-8034-14F2EC37B28F}"
EndProject
Project("{FAE04EC0-301F-11D3-BF4B-00C04F79EFBC}") = "PrismFirst", "PrismFirst\PrismFirst.csproj", "{C397D4AA-C97B-40FE-B1A1-E792FC3A0522}"
EndProject
Project("{FAE04EC0-301F-11D3-BF4B-00C04F79EFBC}") = "ModuleA", "ModuleA\ModuleA.csproj", "{73CC3952-C487-4D45-9006-C7DC12B36B33}"
EndProject
Project("{FAE04EC0-301F-11D3-BF4B-00C04F79EFBC}") = "ModuleB", "ModuleB\ModuleB.csproj", "{71B4D75D-C26E-4D06-B70E-2AA26BE3D3C5}"
EndProject
Global
	GlobalSection(SolutionConfigurationPlatforms) = preSolution
		Debug|Any CPU = Debug|Any CPU
		Release|Any CPU = Release|Any CPU
	EndGlobalSection
	GlobalSection(ProjectConfigurationPlatforms) = postSolution
		{A8DC5AEB-47F2-46AB-8034-14F2EC37B28F}.Debug|Any CPU.ActiveCfg = Debug|Any CPU
		{A8DC5AEB-47F2-46AB-8034-14F2EC37B28F}.Debug|Any CPU.Build.0 = Debug|Any CPU
		{A8DC5AEB-47F2-46AB-8034-14F2EC37B28F}.Release|Any CPU.ActiveCfg = Release|Any CPU
		{A8DC5AEB-47F2-46AB-8034-14F2EC37B28F}.Release|Any CPU.Build.0 = Release|Any CPU
		{C397D4AA-C97B-40FE-B1A1-E792FC3A0522}.Debug|Any CPU.ActiveCfg = Debug|Any CPU
		{C397D4AA-C97B-40FE-B1A1-E792FC3A0522}.Debug|Any CPU.Build.0 = Debug|Any CPU
		{C397D4AA-C97B-40FE-B1A1-E792FC3A0522}.Release|Any CPU.ActiveCfg = Release|Any CPU
		{C397D4AA-C97B-40FE-B1A1-E792FC3A0522}.Release|Any CPU.Build.0 = Release|Any CPU
		{73CC3952-C487-4D45-9006-C7DC12B36B33}.Debug|Any CPU.ActiveCfg = Debug|Any CPU
		{73CC3952-C487-4D45-9006-C7DC12B36B33}.Debug|Any CPU.Build.0 = Debug|Any CPU
		{73CC3952-C487-4D45-9006-C7DC12B36B33}.Release|Any CPU.ActiveCfg = Release|Any CPU
		{73CC3952-C487-4D45-9006-C7DC12B36B33}.Release|Any CPU.Build.0 = Release|Any CPU
		{71B4D75D-C26E-4D06-B70E-2AA26BE3D3C5}.Debug|Any CPU.ActiveCfg = Debug|Any CPU
		{71B4D75D-C26E-4D06-B70E-2AA26BE3D3C5}.Debug|Any CPU.Build.0 = Debug|Any CPU
		{71B4D75D-C26E-4D06-B70E-2AA26BE3D3C5}.Release|Any CPU.ActiveCfg = Release|Any CPU
		{71B4D75D-C26E-4D06-B70E-2AA26BE3D3C5}.Release|Any CPU.Build.0 = Release|Any CPU
	EndGlobalSection
	GlobalSection(SolutionProperties) = preSolution
		HideSolutionNode = FALSE
	EndGlobalSection
	GlobalSection(ExtensibilityGlobals) = postSolution
		SolutionGuid = {6928A03B-F8B9-4AE5-ADAD-3DADE0204115}
	EndGlobalSection
EndGlobal
