
Microsoft Visual Studio Solution File, Format Version 12.00
# Visual Studio Version 17
VisualStudioVersion = 17.0.31912.275
MinimumVisualStudioVersion = 10.0.40219.1
Project("{2150E333-8FDC-42A3-9474-1A3956D46DE8}") = "1.Client", "1.Client", "{9EE998BA-23DD-4096-9BFA-C1184B0A0F1D}"
EndProject
Project("{2150E333-8FDC-42A3-9474-1A3956D46DE8}") = "2.Service", "2.Service", "{186FB45C-933C-4B95-86F9-E1031FC9EB6E}"
EndProject
Project("{2150E333-8FDC-42A3-9474-1A3956D46DE8}") = "1.Start", "1.Start", "{D8444E8B-AA5A-4D50-910D-A193D2E74BA6}"
EndProject
Project("{2150E333-8FDC-42A3-9474-1A3956D46DE8}") = "2.Modules", "2.Modules", "{20D42797-60C2-4FD4-8ED4-EF432E065B61}"
EndProject
Project("{2150E333-8FDC-42A3-9474-1A3956D46DE8}") = "3.BLL", "3.BLL", "{1623CCDD-6AA4-47FA-810E-EDBC9A95176A}"
EndProject
Project("{2150E333-8FDC-42A3-9474-1A3956D46DE8}") = "4.DAL", "4.DAL", "{F6645E9A-6984-4F97-AB57-74D646E39B49}"
EndProject
Project("{2150E333-8FDC-42A3-9474-1A3956D46DE8}") = "5.Entity", "5.Entity", "{B9269813-040A-4A8A-8974-3610973EDD45}"
EndProject
Project("{2150E333-8FDC-42A3-9474-1A3956D46DE8}") = "1.Start", "1.Start", "{F40E2B3C-78B8-4217-86EE-AD1212E436DF}"
EndProject
Project("{2150E333-8FDC-42A3-9474-1A3956D46DE8}") = "2.Service", "2.Service", "{35F70EF3-6532-44E3-A658-F59CA534702E}"
EndProject
Project("{2150E333-8FDC-42A3-9474-1A3956D46DE8}") = "3.DAL", "3.DAL", "{C897437D-5ED9-4699-BDEE-93FB238F2E59}"
EndProject
Project("{2150E333-8FDC-42A3-9474-1A3956D46DE8}") = "4.Common", "4.Common", "{C26ED6FD-C051-48D6-9690-BF007AF38D46}"
EndProject
Project("{2150E333-8FDC-42A3-9474-1A3956D46DE8}") = "6.Common", "6.Common", "{B744C73D-708D-4837-89D4-7459D19B5825}"
EndProject
Project("{9A19103F-16F7-4668-BE54-9A1E7A4F7556}") = "SmartParking.Server.Start", "Service\SmartParking.Server.Start\SmartParking.Server.Start.csproj", "{AE81462A-8682-4403-BD6E-4D78480BB10D}"
EndProject
Project("{9A19103F-16F7-4668-BE54-9A1E7A4F7556}") = "SmartParking.Server.EFCore", "Service\SmartParking.Server.EFCore\SmartParking.Server.EFCore.csproj", "{349368E2-73E2-41B7-B2C6-97615DAC22EA}"
EndProject
Project("{9A19103F-16F7-4668-BE54-9A1E7A4F7556}") = "SmartParking.Server.Models", "Service\SmartParking.Server.Models\SmartParking.Server.Models.csproj", "{39C7EF15-74EE-40AB-A1BB-0699F6BD0744}"
EndProject
Project("{9A19103F-16F7-4668-BE54-9A1E7A4F7556}") = "SmartParking.Server.IEFContext", "Service\SmartParking.Server.IEFContext\SmartParking.Server.IEFContext.csproj", "{92D36967-EA91-40A1-A1D5-B5F45D5004BA}"
EndProject
Project("{9A19103F-16F7-4668-BE54-9A1E7A4F7556}") = "SmartParking.Server.EFContext", "Service\SmartParking.Server.EFContext\SmartParking.Server.EFContext.csproj", "{FE444D44-87A9-4AFC-9CA2-16B6947217FE}"
EndProject
Project("{9A19103F-16F7-4668-BE54-9A1E7A4F7556}") = "SmartParking.Server.IConfiguration", "Service\SmartParking.Server.IConfiguration\SmartParking.Server.IConfiguration.csproj", "{84441B62-9FA5-4AE6-9BBA-ED67965AEC8E}"
EndProject
Project("{9A19103F-16F7-4668-BE54-9A1E7A4F7556}") = "SmartParking.Server.Configuration", "Service\SmartParking.Server.Configuration\SmartParking.Server.Configuration.csproj", "{9F92E233-EEE1-4254-8CA9-606E4AD76B56}"
EndProject
Project("{9A19103F-16F7-4668-BE54-9A1E7A4F7556}") = "SmartParking.Server.IService", "Service\SmartParking.Server.IService\SmartParking.Server.IService.csproj", "{2C09DD74-DD9E-44BE-8286-A566A4288F97}"
EndProject
Project("{9A19103F-16F7-4668-BE54-9A1E7A4F7556}") = "SmartParking.Server.Service", "Service\SmartParking.Server.Service\SmartParking.Server.Service.csproj", "{999DEABA-1903-451F-9187-5CA30B14E2D2}"
EndProject
Project("{9A19103F-16F7-4668-BE54-9A1E7A4F7556}") = "SmartParking.Client.Start", "Client\SmartParking.Client.Start\SmartParking.Client.Start.csproj", "{9FBD4776-BDCB-4C90-B8D9-38902D373C20}"
EndProject
Project("{9A19103F-16F7-4668-BE54-9A1E7A4F7556}") = "SmartParking.Client.Common", "Client\SmartParking.Client.Common\SmartParking.Client.Common.csproj", "{22482468-F197-48A0-8337-EADD79FA957B}"
EndProject
Project("{9A19103F-16F7-4668-BE54-9A1E7A4F7556}") = "SmartParking.Client.IDAL", "Client\SmartParking.Client.IDAL\SmartParking.Client.IDAL.csproj", "{4B620DFA-B5C6-4974-96B2-163ED66CF2FD}"
EndProject
Project("{9A19103F-16F7-4668-BE54-9A1E7A4F7556}") = "SmartParking.Client.DAL", "Client\SmartParking.Client.DAL\SmartParking.Client.DAL.csproj", "{13ECF55F-5FC3-4DA1-83DF-74FC9408DD92}"
EndProject
Project("{9A19103F-16F7-4668-BE54-9A1E7A4F7556}") = "SmartParking.Client.IBLL", "Client\SmartParking.Client.IBLL\SmartParking.Client.IBLL.csproj", "{17D926D4-65FE-4CAE-859B-CEF2BBA715CD}"
EndProject
Project("{9A19103F-16F7-4668-BE54-9A1E7A4F7556}") = "SmartParking.Client.BLL", "Client\SmartParking.Client.BLL\SmartParking.Client.BLL.csproj", "{79B21577-399B-4564-8CE0-64EE5BB8D0C1}"
EndProject
Project("{9A19103F-16F7-4668-BE54-9A1E7A4F7556}") = "SmartParking.Client.Entity", "Client\SmartParking.Client.Entity\SmartParking.Client.Entity.csproj", "{3BD0AA35-29C5-4791-8B21-0954F66B526F}"
EndProject
Project("{9A19103F-16F7-4668-BE54-9A1E7A4F7556}") = "SmartParking.Client.Assets", "Client\SmartParking.Client.Assets\SmartParking.Client.Assets.csproj", "{2A246FA7-BBC4-4645-AC0F-22C9146C6877}"
EndProject
Project("{9A19103F-16F7-4668-BE54-9A1E7A4F7556}") = "SmartParking.Client.MainModule", "Client\SmartParking.Client.MainModule\SmartParking.Client.MainModule.csproj", "{11ED2123-587C-4A1B-A6FB-76AB0A32E32C}"
EndProject
Project("{FAE04EC0-301F-11D3-BF4B-00C04F79EFBC}") = "SmartParking.Client.BaseModule", "Client\SmartParking.Client.BaseModule\SmartParking.Client.BaseModule.csproj", "{CA88FDFA-6B9D-4D6A-B848-D2568F446A72}"
EndProject
Global
	GlobalSection(SolutionConfigurationPlatforms) = preSolution
		Debug|Any CPU = Debug|Any CPU
		Release|Any CPU = Release|Any CPU
	EndGlobalSection
	GlobalSection(ProjectConfigurationPlatforms) = postSolution
		{AE81462A-8682-4403-BD6E-4D78480BB10D}.Debug|Any CPU.ActiveCfg = Debug|Any CPU
		{AE81462A-8682-4403-BD6E-4D78480BB10D}.Debug|Any CPU.Build.0 = Debug|Any CPU
		{AE81462A-8682-4403-BD6E-4D78480BB10D}.Release|Any CPU.ActiveCfg = Release|Any CPU
		{AE81462A-8682-4403-BD6E-4D78480BB10D}.Release|Any CPU.Build.0 = Release|Any CPU
		{349368E2-73E2-41B7-B2C6-97615DAC22EA}.Debug|Any CPU.ActiveCfg = Debug|Any CPU
		{349368E2-73E2-41B7-B2C6-97615DAC22EA}.Debug|Any CPU.Build.0 = Debug|Any CPU
		{349368E2-73E2-41B7-B2C6-97615DAC22EA}.Release|Any CPU.ActiveCfg = Release|Any CPU
		{349368E2-73E2-41B7-B2C6-97615DAC22EA}.Release|Any CPU.Build.0 = Release|Any CPU
		{39C7EF15-74EE-40AB-A1BB-0699F6BD0744}.Debug|Any CPU.ActiveCfg = Debug|Any CPU
		{39C7EF15-74EE-40AB-A1BB-0699F6BD0744}.Debug|Any CPU.Build.0 = Debug|Any CPU
		{39C7EF15-74EE-40AB-A1BB-0699F6BD0744}.Release|Any CPU.ActiveCfg = Release|Any CPU
		{39C7EF15-74EE-40AB-A1BB-0699F6BD0744}.Release|Any CPU.Build.0 = Release|Any CPU
		{92D36967-EA91-40A1-A1D5-B5F45D5004BA}.Debug|Any CPU.ActiveCfg = Debug|Any CPU
		{92D36967-EA91-40A1-A1D5-B5F45D5004BA}.Debug|Any CPU.Build.0 = Debug|Any CPU
		{92D36967-EA91-40A1-A1D5-B5F45D5004BA}.Release|Any CPU.ActiveCfg = Release|Any CPU
		{92D36967-EA91-40A1-A1D5-B5F45D5004BA}.Release|Any CPU.Build.0 = Release|Any CPU
		{FE444D44-87A9-4AFC-9CA2-16B6947217FE}.Debug|Any CPU.ActiveCfg = Debug|Any CPU
		{FE444D44-87A9-4AFC-9CA2-16B6947217FE}.Debug|Any CPU.Build.0 = Debug|Any CPU
		{FE444D44-87A9-4AFC-9CA2-16B6947217FE}.Release|Any CPU.ActiveCfg = Release|Any CPU
		{FE444D44-87A9-4AFC-9CA2-16B6947217FE}.Release|Any CPU.Build.0 = Release|Any CPU
		{84441B62-9FA5-4AE6-9BBA-ED67965AEC8E}.Debug|Any CPU.ActiveCfg = Debug|Any CPU
		{84441B62-9FA5-4AE6-9BBA-ED67965AEC8E}.Debug|Any CPU.Build.0 = Debug|Any CPU
		{84441B62-9FA5-4AE6-9BBA-ED67965AEC8E}.Release|Any CPU.ActiveCfg = Release|Any CPU
		{84441B62-9FA5-4AE6-9BBA-ED67965AEC8E}.Release|Any CPU.Build.0 = Release|Any CPU
		{9F92E233-EEE1-4254-8CA9-606E4AD76B56}.Debug|Any CPU.ActiveCfg = Debug|Any CPU
		{9F92E233-EEE1-4254-8CA9-606E4AD76B56}.Debug|Any CPU.Build.0 = Debug|Any CPU
		{9F92E233-EEE1-4254-8CA9-606E4AD76B56}.Release|Any CPU.ActiveCfg = Release|Any CPU
		{9F92E233-EEE1-4254-8CA9-606E4AD76B56}.Release|Any CPU.Build.0 = Release|Any CPU
		{2C09DD74-DD9E-44BE-8286-A566A4288F97}.Debug|Any CPU.ActiveCfg = Debug|Any CPU
		{2C09DD74-DD9E-44BE-8286-A566A4288F97}.Debug|Any CPU.Build.0 = Debug|Any CPU
		{2C09DD74-DD9E-44BE-8286-A566A4288F97}.Release|Any CPU.ActiveCfg = Release|Any CPU
		{2C09DD74-DD9E-44BE-8286-A566A4288F97}.Release|Any CPU.Build.0 = Release|Any CPU
		{999DEABA-1903-451F-9187-5CA30B14E2D2}.Debug|Any CPU.ActiveCfg = Debug|Any CPU
		{999DEABA-1903-451F-9187-5CA30B14E2D2}.Debug|Any CPU.Build.0 = Debug|Any CPU
		{999DEABA-1903-451F-9187-5CA30B14E2D2}.Release|Any CPU.ActiveCfg = Release|Any CPU
		{999DEABA-1903-451F-9187-5CA30B14E2D2}.Release|Any CPU.Build.0 = Release|Any CPU
		{9FBD4776-BDCB-4C90-B8D9-38902D373C20}.Debug|Any CPU.ActiveCfg = Debug|Any CPU
		{9FBD4776-BDCB-4C90-B8D9-38902D373C20}.Debug|Any CPU.Build.0 = Debug|Any CPU
		{9FBD4776-BDCB-4C90-B8D9-38902D373C20}.Release|Any CPU.ActiveCfg = Release|Any CPU
		{9FBD4776-BDCB-4C90-B8D9-38902D373C20}.Release|Any CPU.Build.0 = Release|Any CPU
		{22482468-F197-48A0-8337-EADD79FA957B}.Debug|Any CPU.ActiveCfg = Debug|Any CPU
		{22482468-F197-48A0-8337-EADD79FA957B}.Debug|Any CPU.Build.0 = Debug|Any CPU
		{22482468-F197-48A0-8337-EADD79FA957B}.Release|Any CPU.ActiveCfg = Release|Any CPU
		{22482468-F197-48A0-8337-EADD79FA957B}.Release|Any CPU.Build.0 = Release|Any CPU
		{4B620DFA-B5C6-4974-96B2-163ED66CF2FD}.Debug|Any CPU.ActiveCfg = Debug|Any CPU
		{4B620DFA-B5C6-4974-96B2-163ED66CF2FD}.Debug|Any CPU.Build.0 = Debug|Any CPU
		{4B620DFA-B5C6-4974-96B2-163ED66CF2FD}.Release|Any CPU.ActiveCfg = Release|Any CPU
		{4B620DFA-B5C6-4974-96B2-163ED66CF2FD}.Release|Any CPU.Build.0 = Release|Any CPU
		{13ECF55F-5FC3-4DA1-83DF-74FC9408DD92}.Debug|Any CPU.ActiveCfg = Debug|Any CPU
		{13ECF55F-5FC3-4DA1-83DF-74FC9408DD92}.Debug|Any CPU.Build.0 = Debug|Any CPU
		{13ECF55F-5FC3-4DA1-83DF-74FC9408DD92}.Release|Any CPU.ActiveCfg = Release|Any CPU
		{13ECF55F-5FC3-4DA1-83DF-74FC9408DD92}.Release|Any CPU.Build.0 = Release|Any CPU
		{17D926D4-65FE-4CAE-859B-CEF2BBA715CD}.Debug|Any CPU.ActiveCfg = Debug|Any CPU
		{17D926D4-65FE-4CAE-859B-CEF2BBA715CD}.Debug|Any CPU.Build.0 = Debug|Any CPU
		{17D926D4-65FE-4CAE-859B-CEF2BBA715CD}.Release|Any CPU.ActiveCfg = Release|Any CPU
		{17D926D4-65FE-4CAE-859B-CEF2BBA715CD}.Release|Any CPU.Build.0 = Release|Any CPU
		{79B21577-399B-4564-8CE0-64EE5BB8D0C1}.Debug|Any CPU.ActiveCfg = Debug|Any CPU
		{79B21577-399B-4564-8CE0-64EE5BB8D0C1}.Debug|Any CPU.Build.0 = Debug|Any CPU
		{79B21577-399B-4564-8CE0-64EE5BB8D0C1}.Release|Any CPU.ActiveCfg = Release|Any CPU
		{79B21577-399B-4564-8CE0-64EE5BB8D0C1}.Release|Any CPU.Build.0 = Release|Any CPU
		{3BD0AA35-29C5-4791-8B21-0954F66B526F}.Debug|Any CPU.ActiveCfg = Debug|Any CPU
		{3BD0AA35-29C5-4791-8B21-0954F66B526F}.Debug|Any CPU.Build.0 = Debug|Any CPU
		{3BD0AA35-29C5-4791-8B21-0954F66B526F}.Release|Any CPU.ActiveCfg = Release|Any CPU
		{3BD0AA35-29C5-4791-8B21-0954F66B526F}.Release|Any CPU.Build.0 = Release|Any CPU
		{2A246FA7-BBC4-4645-AC0F-22C9146C6877}.Debug|Any CPU.ActiveCfg = Debug|Any CPU
		{2A246FA7-BBC4-4645-AC0F-22C9146C6877}.Debug|Any CPU.Build.0 = Debug|Any CPU
		{2A246FA7-BBC4-4645-AC0F-22C9146C6877}.Release|Any CPU.ActiveCfg = Release|Any CPU
		{2A246FA7-BBC4-4645-AC0F-22C9146C6877}.Release|Any CPU.Build.0 = Release|Any CPU
		{11ED2123-587C-4A1B-A6FB-76AB0A32E32C}.Debug|Any CPU.ActiveCfg = Debug|Any CPU
		{11ED2123-587C-4A1B-A6FB-76AB0A32E32C}.Debug|Any CPU.Build.0 = Debug|Any CPU
		{11ED2123-587C-4A1B-A6FB-76AB0A32E32C}.Release|Any CPU.ActiveCfg = Release|Any CPU
		{11ED2123-587C-4A1B-A6FB-76AB0A32E32C}.Release|Any CPU.Build.0 = Release|Any CPU
		{CA88FDFA-6B9D-4D6A-B848-D2568F446A72}.Debug|Any CPU.ActiveCfg = Debug|Any CPU
		{CA88FDFA-6B9D-4D6A-B848-D2568F446A72}.Debug|Any CPU.Build.0 = Debug|Any CPU
		{CA88FDFA-6B9D-4D6A-B848-D2568F446A72}.Release|Any CPU.ActiveCfg = Release|Any CPU
		{CA88FDFA-6B9D-4D6A-B848-D2568F446A72}.Release|Any CPU.Build.0 = Release|Any CPU
	EndGlobalSection
	GlobalSection(SolutionProperties) = preSolution
		HideSolutionNode = FALSE
	EndGlobalSection
	GlobalSection(NestedProjects) = preSolution
		{D8444E8B-AA5A-4D50-910D-A193D2E74BA6} = {9EE998BA-23DD-4096-9BFA-C1184B0A0F1D}
		{20D42797-60C2-4FD4-8ED4-EF432E065B61} = {9EE998BA-23DD-4096-9BFA-C1184B0A0F1D}
		{1623CCDD-6AA4-47FA-810E-EDBC9A95176A} = {9EE998BA-23DD-4096-9BFA-C1184B0A0F1D}
		{F6645E9A-6984-4F97-AB57-74D646E39B49} = {9EE998BA-23DD-4096-9BFA-C1184B0A0F1D}
		{B9269813-040A-4A8A-8974-3610973EDD45} = {9EE998BA-23DD-4096-9BFA-C1184B0A0F1D}
		{F40E2B3C-78B8-4217-86EE-AD1212E436DF} = {186FB45C-933C-4B95-86F9-E1031FC9EB6E}
		{35F70EF3-6532-44E3-A658-F59CA534702E} = {186FB45C-933C-4B95-86F9-E1031FC9EB6E}
		{C897437D-5ED9-4699-BDEE-93FB238F2E59} = {186FB45C-933C-4B95-86F9-E1031FC9EB6E}
		{C26ED6FD-C051-48D6-9690-BF007AF38D46} = {186FB45C-933C-4B95-86F9-E1031FC9EB6E}
		{B744C73D-708D-4837-89D4-7459D19B5825} = {9EE998BA-23DD-4096-9BFA-C1184B0A0F1D}
		{AE81462A-8682-4403-BD6E-4D78480BB10D} = {F40E2B3C-78B8-4217-86EE-AD1212E436DF}
		{349368E2-73E2-41B7-B2C6-97615DAC22EA} = {C897437D-5ED9-4699-BDEE-93FB238F2E59}
		{39C7EF15-74EE-40AB-A1BB-0699F6BD0744} = {C26ED6FD-C051-48D6-9690-BF007AF38D46}
		{92D36967-EA91-40A1-A1D5-B5F45D5004BA} = {C897437D-5ED9-4699-BDEE-93FB238F2E59}
		{FE444D44-87A9-4AFC-9CA2-16B6947217FE} = {C897437D-5ED9-4699-BDEE-93FB238F2E59}
		{84441B62-9FA5-4AE6-9BBA-ED67965AEC8E} = {C26ED6FD-C051-48D6-9690-BF007AF38D46}
		{9F92E233-EEE1-4254-8CA9-606E4AD76B56} = {C26ED6FD-C051-48D6-9690-BF007AF38D46}
		{2C09DD74-DD9E-44BE-8286-A566A4288F97} = {35F70EF3-6532-44E3-A658-F59CA534702E}
		{999DEABA-1903-451F-9187-5CA30B14E2D2} = {35F70EF3-6532-44E3-A658-F59CA534702E}
		{9FBD4776-BDCB-4C90-B8D9-38902D373C20} = {D8444E8B-AA5A-4D50-910D-A193D2E74BA6}
		{22482468-F197-48A0-8337-EADD79FA957B} = {B744C73D-708D-4837-89D4-7459D19B5825}
		{4B620DFA-B5C6-4974-96B2-163ED66CF2FD} = {F6645E9A-6984-4F97-AB57-74D646E39B49}
		{13ECF55F-5FC3-4DA1-83DF-74FC9408DD92} = {F6645E9A-6984-4F97-AB57-74D646E39B49}
		{17D926D4-65FE-4CAE-859B-CEF2BBA715CD} = {1623CCDD-6AA4-47FA-810E-EDBC9A95176A}
		{79B21577-399B-4564-8CE0-64EE5BB8D0C1} = {1623CCDD-6AA4-47FA-810E-EDBC9A95176A}
		{3BD0AA35-29C5-4791-8B21-0954F66B526F} = {B9269813-040A-4A8A-8974-3610973EDD45}
		{2A246FA7-BBC4-4645-AC0F-22C9146C6877} = {B744C73D-708D-4837-89D4-7459D19B5825}
		{11ED2123-587C-4A1B-A6FB-76AB0A32E32C} = {20D42797-60C2-4FD4-8ED4-EF432E065B61}
		{CA88FDFA-6B9D-4D6A-B848-D2568F446A72} = {20D42797-60C2-4FD4-8ED4-EF432E065B61}
	EndGlobalSection
	GlobalSection(ExtensibilityGlobals) = postSolution
		SolutionGuid = {DA1EC2F7-AE0F-4FAF-BC44-16D0BA7041FE}
	EndGlobalSection
EndGlobal
