
Microsoft Visual Studio Solution File, Format Version 12.00
# Visual Studio Version 17
VisualStudioVersion = 17.0.32014.148
MinimumVisualStudioVersion = 10.0.40219.1
Project("{FAE04EC0-301F-11D3-BF4B-00C04F79EFBC}") = "WpfGraphChart", "WpfGraphChart\WpfGraphChart.csproj", "{9C563752-44E5-4F23-AF7E-EC7C871D3AEE}"
EndProject
Global
	GlobalSection(SolutionConfigurationPlatforms) = preSolution
		Debug|Any CPU = Debug|Any CPU
		Release|Any CPU = Release|Any CPU
	EndGlobalSection
	GlobalSection(ProjectConfigurationPlatforms) = postSolution
		{9C563752-44E5-4F23-AF7E-EC7C871D3AEE}.Debug|Any CPU.ActiveCfg = Debug|Any CPU
		{9C563752-44E5-4F23-AF7E-EC7C871D3AEE}.Debug|Any CPU.Build.0 = Debug|Any CPU
		{9C563752-44E5-4F23-AF7E-EC7C871D3AEE}.Release|Any CPU.ActiveCfg = Release|Any CPU
		{9C563752-44E5-4F23-AF7E-EC7C871D3AEE}.Release|Any CPU.Build.0 = Release|Any CPU
	EndGlobalSection
	GlobalSection(SolutionProperties) = preSolution
		HideSolutionNode = FALSE
	EndGlobalSection
	GlobalSection(ExtensibilityGlobals) = postSolution
		SolutionGuid = {202E072E-7B07-4681-8559-F57765D33AE2}
	EndGlobalSection
EndGlobal
