
Microsoft Visual Studio Solution File, Format Version 12.00
# Visual Studio Version 17
VisualStudioVersion = 17.0.31912.275
MinimumVisualStudioVersion = 10.0.40219.1
Project("{FAE04EC0-301F-11D3-BF4B-00C04F79EFBC}") = "WpfDiDemo", "WpfDiDemo\WpfDiDemo.csproj", "{0D955D5C-2038-418B-8327-D4CB2C34C1CD}"
EndProject
Global
	GlobalSection(SolutionConfigurationPlatforms) = preSolution
		Debug|Any CPU = Debug|Any CPU
		Release|Any CPU = Release|Any CPU
	EndGlobalSection
	GlobalSection(ProjectConfigurationPlatforms) = postSolution
		{0D955D5C-2038-418B-8327-D4CB2C34C1CD}.Debug|Any CPU.ActiveCfg = Debug|Any CPU
		{0D955D5C-2038-418B-8327-D4CB2C34C1CD}.Debug|Any CPU.Build.0 = Debug|Any CPU
		{0D955D5C-2038-418B-8327-D4CB2C34C1CD}.Release|Any CPU.ActiveCfg = Release|Any CPU
		{0D955D5C-2038-418B-8327-D4CB2C34C1CD}.Release|Any CPU.Build.0 = Release|Any CPU
	EndGlobalSection
	GlobalSection(SolutionProperties) = preSolution
		HideSolutionNode = FALSE
	EndGlobalSection
	GlobalSection(ExtensibilityGlobals) = postSolution
		SolutionGuid = {084E15BC-C045-4A8A-96AE-06D332922630}
	EndGlobalSection
EndGlobal
